// !$*UTF8*$!
{
	archiveVersion = 1;
	classes = {
	};
	objectVersion = 46;
	objects = {

/* Begin PBXBuildFile section */
		3DB724471D6996F600BB055A /* AppDelegate.swift in Sources */ = {isa = PBXBuildFile; fileRef = 3DB724461D6996F600BB055A /* AppDelegate.swift */; };
		3DB724491D6996F600BB055A /* ViewController.swift in Sources */ = {isa = PBXBuildFile; fileRef = 3DB724481D6996F600BB055A /* ViewController.swift */; };
		3DB7244C1D6996F600BB055A /* Main.storyboard in Resources */ = {isa = PBXBuildFile; fileRef = 3DB7244A1D6996F600BB055A /* Main.storyboard */; };
		3DB7244E1D6996F600BB055A /* Assets.xcassets in Resources */ = {isa = PBXBuildFile; fileRef = 3DB7244D1D6996F600BB055A /* Assets.xcassets */; };
		3DB724511D6996F600BB055A /* LaunchScreen.storyboard in Resources */ = {isa = PBXBuildFile; fileRef = 3DB7244F1D6996F600BB055A /* LaunchScreen.storyboard */; };
		3DF627801D93E23E001EE535 /* TemperatureLayer.swift in Sources */ = {isa = PBXBuildFile; fileRef = 3DF6277F1D93E23E001EE535 /* TemperatureLayer.swift */; };
		3DF627821D93E34E001EE535 /* WeatherLayer.swift in Sources */ = {isa = PBXBuildFile; fileRef = 3DF627811D93E34E001EE535 /* WeatherLayer.swift */; };
		3DF627841D93F576001EE535 /* WindLayer.swift in Sources */ = {isa = PBXBuildFile; fileRef = 3DF627831D93F576001EE535 /* WindLayer.swift */; };
		3DF6278A1D94123A001EE535 /* wind.jpg in Resources */ = {isa = PBXBuildFile; fileRef = 3DF627891D94123A001EE535 /* wind.jpg */; };
		D2A5D273D83B50A6E57A99C1 /* Pods_PlanetaryMapsSwift.framework in Frameworks */ = {isa = PBXBuildFile; fileRef = 7ED62E949D0506901F51A71C /* Pods_PlanetaryMapsSwift.framework */; };
/* End PBXBuildFile section */

/* Begin PBXFileReference section */
		3DB724431D6996F600BB055A /* PlanetaryMapsSwift.app */ = {isa = PBXFileReference; explicitFileType = wrapper.application; includeInIndex = 0; path = PlanetaryMapsSwift.app; sourceTree = BUILT_PRODUCTS_DIR; };
		3DB724461D6996F600BB055A /* AppDelegate.swift */ = {isa = PBXFileReference; lastKnownFileType = sourcecode.swift; path = AppDelegate.swift; sourceTree = "<group>"; };
		3DB724481D6996F600BB055A /* ViewController.swift */ = {isa = PBXFileReference; lastKnownFileType = sourcecode.swift; path = ViewController.swift; sourceTree = "<group>"; };
		3DB7244B1D6996F600BB055A /* Base */ = {isa = PBXFileReference; lastKnownFileType = file.storyboard; name = Base; path = Base.lproj/Main.storyboard; sourceTree = "<group>"; };
		3DB7244D1D6996F600BB055A /* Assets.xcassets */ = {isa = PBXFileReference; lastKnownFileType = folder.assetcatalog; path = Assets.xcassets; sourceTree = "<group>"; };
		3DB724501D6996F600BB055A /* Base */ = {isa = PBXFileReference; lastKnownFileType = file.storyboard; name = Base; path = Base.lproj/LaunchScreen.storyboard; sourceTree = "<group>"; };
		3DB724521D6996F600BB055A /* Info.plist */ = {isa = PBXFileReference; lastKnownFileType = text.plist.xml; path = Info.plist; sourceTree = "<group>"; };
		3DF6277F1D93E23E001EE535 /* TemperatureLayer.swift */ = {isa = PBXFileReference; fileEncoding = 4; lastKnownFileType = sourcecode.swift; path = TemperatureLayer.swift; sourceTree = "<group>"; };
		3DF627811D93E34E001EE535 /* WeatherLayer.swift */ = {isa = PBXFileReference; fileEncoding = 4; lastKnownFileType = sourcecode.swift; path = WeatherLayer.swift; sourceTree = "<group>"; };
		3DF627831D93F576001EE535 /* WindLayer.swift */ = {isa = PBXFileReference; fileEncoding = 4; lastKnownFileType = sourcecode.swift; path = WindLayer.swift; sourceTree = "<group>"; };
		3DF627891D94123A001EE535 /* wind.jpg */ = {isa = PBXFileReference; lastKnownFileType = image.jpeg; name = wind.jpg; path = ../../../../../Dropbox/Public/charts/weather/wind.jpg; sourceTree = "<group>"; };
		7ED62E949D0506901F51A71C /* Pods_PlanetaryMapsSwift.framework */ = {isa = PBXFileReference; explicitFileType = wrapper.framework; includeInIndex = 0; path = Pods_PlanetaryMapsSwift.framework; sourceTree = BUILT_PRODUCTS_DIR; };
		B5A01BD231FED1600F345261 /* Pods-PlanetaryMapsSwift.release.xcconfig */ = {isa = PBXFileReference; includeInIndex = 1; lastKnownFileType = text.xcconfig; name = "Pods-PlanetaryMapsSwift.release.xcconfig"; path = "Pods/Target Support Files/Pods-PlanetaryMapsSwift/Pods-PlanetaryMapsSwift.release.xcconfig"; sourceTree = "<group>"; };
		D5EB86AA4D2C517EDBC13957 /* Pods-PlanetaryMapsSwift.debug.xcconfig */ = {isa = PBXFileReference; includeInIndex = 1; lastKnownFileType = text.xcconfig; name = "Pods-PlanetaryMapsSwift.debug.xcconfig"; path = "Pods/Target Support Files/Pods-PlanetaryMapsSwift/Pods-PlanetaryMapsSwift.debug.xcconfig"; sourceTree = "<group>"; };
/* End PBXFileReference section */

/* Begin PBXFrameworksBuildPhase section */
		3DB724401D6996F600BB055A /* Frameworks */ = {
			isa = PBXFrameworksBuildPhase;
			buildActionMask = 2147483647;
			files = (
				D2A5D273D83B50A6E57A99C1 /* Pods_PlanetaryMapsSwift.framework in Frameworks */,
			);
			runOnlyForDeploymentPostprocessing = 0;
		};
/* End PBXFrameworksBuildPhase section */

/* Begin PBXGroup section */
		3D63AE9FF93F98592FBAB7DE /* Frameworks */ = {
			isa = PBXGroup;
			children = (
				7ED62E949D0506901F51A71C /* Pods_PlanetaryMapsSwift.framework */,
			);
			name = Frameworks;
			sourceTree = "<group>";
		};
		3DB7243A1D6996F600BB055A = {
			isa = PBXGroup;
			children = (
				3DB724451D6996F600BB055A /* PlanetaryMapsSwift */,
				3DB724441D6996F600BB055A /* Products */,
				C8EEA61478C7A858DFE9571D /* Pods */,
				3D63AE9FF93F98592FBAB7DE /* Frameworks */,
			);
			sourceTree = "<group>";
		};
		3DB724441D6996F600BB055A /* Products */ = {
			isa = PBXGroup;
			children = (
				3DB724431D6996F600BB055A /* PlanetaryMapsSwift.app */,
			);
			name = Products;
			sourceTree = "<group>";
		};
		3DB724451D6996F600BB055A /* PlanetaryMapsSwift */ = {
			isa = PBXGroup;
			children = (
				3DB724461D6996F600BB055A /* AppDelegate.swift */,
				3DB724481D6996F600BB055A /* ViewController.swift */,
				3DB7244A1D6996F600BB055A /* Main.storyboard */,
				3DB7244D1D6996F600BB055A /* Assets.xcassets */,
				3DB7244F1D6996F600BB055A /* LaunchScreen.storyboard */,
				3DB724521D6996F600BB055A /* Info.plist */,
				3DF627891D94123A001EE535 /* wind.jpg */,
				3DF6277F1D93E23E001EE535 /* TemperatureLayer.swift */,
				3DF627811D93E34E001EE535 /* WeatherLayer.swift */,
				3DF627831D93F576001EE535 /* WindLayer.swift */,
			);
			path = PlanetaryMapsSwift;
			sourceTree = "<group>";
		};
		C8EEA61478C7A858DFE9571D /* Pods */ = {
			isa = PBXGroup;
			children = (
				D5EB86AA4D2C517EDBC13957 /* Pods-PlanetaryMapsSwift.debug.xcconfig */,
				B5A01BD231FED1600F345261 /* Pods-PlanetaryMapsSwift.release.xcconfig */,
			);
			name = Pods;
			sourceTree = "<group>";
		};
/* End PBXGroup section */

/* Begin PBXNativeTarget section */
		3DB724421D6996F600BB055A /* PlanetaryMapsSwift */ = {
			isa = PBXNativeTarget;
			buildConfigurationList = 3DB724551D6996F600BB055A /* Build configuration list for PBXNativeTarget "PlanetaryMapsSwift" */;
			buildPhases = (
				0DBA425F70DC3F8661228CE2 /* [CP] Check Pods Manifest.lock */,
				3DB7243F1D6996F600BB055A /* Sources */,
				3DB724401D6996F600BB055A /* Frameworks */,
				3DB724411D6996F600BB055A /* Resources */,
				2E29C621A742A5BC0EF9B683 /* [CP] Embed Pods Frameworks */,
				9F66C4E54F5599F899240B2D /* [CP] Copy Pods Resources */,
			);
			buildRules = (
			);
			dependencies = (
			);
			name = PlanetaryMapsSwift;
			productName = PlanetaryMapsSwift;
			productReference = 3DB724431D6996F600BB055A /* PlanetaryMapsSwift.app */;
			productType = "com.apple.product-type.application";
		};
/* End PBXNativeTarget section */

/* Begin PBXProject section */
		3DB7243B1D6996F600BB055A /* Project object */ = {
			isa = PBXProject;
			attributes = {
				LastSwiftUpdateCheck = 0730;
				LastUpgradeCheck = 0800;
				ORGANIZATIONNAME = "United Galactic";
				TargetAttributes = {
					3DB724421D6996F600BB055A = {
						CreatedOnToolsVersion = 7.3.1;
						DevelopmentTeam = 2F6XEAMHP2;
						LastSwiftMigration = 0800;
					};
				};
			};
			buildConfigurationList = 3DB7243E1D6996F600BB055A /* Build configuration list for PBXProject "PlanetaryMapsSwift" */;
			compatibilityVersion = "Xcode 3.2";
			developmentRegion = English;
			hasScannedForEncodings = 0;
			knownRegions = (
				en,
				Base,
			);
			mainGroup = 3DB7243A1D6996F600BB055A;
			productRefGroup = 3DB724441D6996F600BB055A /* Products */;
			projectDirPath = "";
			projectRoot = "";
			targets = (
				3DB724421D6996F600BB055A /* PlanetaryMapsSwift */,
			);
		};
/* End PBXProject section */

/* Begin PBXResourcesBuildPhase section */
		3DB724411D6996F600BB055A /* Resources */ = {
			isa = PBXResourcesBuildPhase;
			buildActionMask = 2147483647;
			files = (
				3DB724511D6996F600BB055A /* LaunchScreen.storyboard in Resources */,
				3DF6278A1D94123A001EE535 /* wind.jpg in Resources */,
				3DB7244E1D6996F600BB055A /* Assets.xcassets in Resources */,
				3DB7244C1D6996F600BB055A /* Main.storyboard in Resources */,
			);
			runOnlyForDeploymentPostprocessing = 0;
		};
/* End PBXResourcesBuildPhase section */

/* Begin PBXShellScriptBuildPhase section */
		0DBA425F70DC3F8661228CE2 /* [CP] Check Pods Manifest.lock */ = {
			isa = PBXShellScriptBuildPhase;
			buildActionMask = 2147483647;
			files = (
			);
			inputPaths = (
			);
			name = "[CP] Check Pods Manifest.lock";
			outputPaths = (
			);
			runOnlyForDeploymentPostprocessing = 0;
			shellPath = /bin/sh;
			shellScript = "diff \"${PODS_ROOT}/../Podfile.lock\" \"${PODS_ROOT}/Manifest.lock\" > /dev/null\nif [[ $? != 0 ]] ; then\n    cat << EOM\nerror: The sandbox is not in sync with the Podfile.lock. Run 'pod install' or update your CocoaPods installation.\nEOM\n    exit 1\nfi\n";
			showEnvVarsInLog = 0;
		};
		2E29C621A742A5BC0EF9B683 /* [CP] Embed Pods Frameworks */ = {
			isa = PBXShellScriptBuildPhase;
			buildActionMask = 2147483647;
			files = (
			);
			inputPaths = (
			);
			name = "[CP] Embed Pods Frameworks";
			outputPaths = (
			);
			runOnlyForDeploymentPostprocessing = 0;
			shellPath = /bin/sh;
			shellScript = "\"${SRCROOT}/Pods/Target Support Files/Pods-PlanetaryMapsSwift/Pods-PlanetaryMapsSwift-frameworks.sh\"\n";
			showEnvVarsInLog = 0;
		};
		9F66C4E54F5599F899240B2D /* [CP] Copy Pods Resources */ = {
			isa = PBXShellScriptBuildPhase;
			buildActionMask = 2147483647;
			files = (
			);
			inputPaths = (
			);
			name = "[CP] Copy Pods Resources";
			outputPaths = (
			);
			runOnlyForDeploymentPostprocessing = 0;
			shellPath = /bin/sh;
			shellScript = "\"${SRCROOT}/Pods/Target Support Files/Pods-PlanetaryMapsSwift/Pods-PlanetaryMapsSwift-resources.sh\"\n";
			showEnvVarsInLog = 0;
		};
/* End PBXShellScriptBuildPhase section */

/* Begin PBXSourcesBuildPhase section */
		3DB7243F1D6996F600BB055A /* Sources */ = {
			isa = PBXSourcesBuildPhase;
			buildActionMask = 2147483647;
			files = (
				3DB724491D6996F600BB055A /* ViewController.swift in Sources */,
				3DF627841D93F576001EE535 /* WindLayer.swift in Sources */,
				3DB724471D6996F600BB055A /* AppDelegate.swift in Sources */,
				3DF627821D93E34E001EE535 /* WeatherLayer.swift in Sources */,
				3DF627801D93E23E001EE535 /* TemperatureLayer.swift in Sources */,
			);
			runOnlyForDeploymentPostprocessing = 0;
		};
/* End PBXSourcesBuildPhase section */

/* Begin PBXVariantGroup section */
		3DB7244A1D6996F600BB055A /* Main.storyboard */ = {
			isa = PBXVariantGroup;
			children = (
				3DB7244B1D6996F600BB055A /* Base */,
			);
			name = Main.storyboard;
			sourceTree = "<group>";
		};
		3DB7244F1D6996F600BB055A /* LaunchScreen.storyboard */ = {
			isa = PBXVariantGroup;
			children = (
				3DB724501D6996F600BB055A /* Base */,
			);
			name = LaunchScreen.storyboard;
			sourceTree = "<group>";
		};
/* End PBXVariantGroup section */

/* Begin XCBuildConfiguration section */
		3DB724531D6996F600BB055A /* Debug */ = {
			isa = XCBuildConfiguration;
			buildSettings = {
				ALWAYS_SEARCH_USER_PATHS = NO;
				CLANG_ANALYZER_NONNULL = YES;
				CLANG_CXX_LANGUAGE_STANDARD = "gnu++0x";
				CLANG_CXX_LIBRARY = "libc++";
				CLANG_ENABLE_MODULES = YES;
				CLANG_ENABLE_OBJC_ARC = YES;
				CLANG_WARN_BOOL_CONVERSION = YES;
				CLANG_WARN_CONSTANT_CONVERSION = YES;
				CLANG_WARN_DIRECT_OBJC_ISA_USAGE = YES_ERROR;
				CLANG_WARN_EMPTY_BODY = YES;
				CLANG_WARN_ENUM_CONVERSION = YES;
				CLANG_WARN_INFINITE_RECURSION = YES;
				CLANG_WARN_INT_CONVERSION = YES;
				CLANG_WARN_OBJC_ROOT_CLASS = YES_ERROR;
				CLANG_WARN_SUSPICIOUS_MOVE = YES;
				CLANG_WARN_UNREACHABLE_CODE = YES;
				CLANG_WARN__DUPLICATE_METHOD_MATCH = YES;
				"CODE_SIGN_IDENTITY[sdk=iphoneos*]" = "iPhone Developer";
				COPY_PHASE_STRIP = NO;
				DEBUG_INFORMATION_FORMAT = dwarf;
				ENABLE_STRICT_OBJC_MSGSEND = YES;
				ENABLE_TESTABILITY = YES;
				GCC_C_LANGUAGE_STANDARD = gnu99;
				GCC_DYNAMIC_NO_PIC = NO;
				GCC_NO_COMMON_BLOCKS = YES;
				GCC_OPTIMIZATION_LEVEL = 0;
				GCC_PREPROCESSOR_DEFINITIONS = (
					"DEBUG=1",
					"$(inherited)",
				);
				GCC_WARN_64_TO_32_BIT_CONVERSION = YES;
				GCC_WARN_ABOUT_RETURN_TYPE = YES_ERROR;
				GCC_WARN_UNDECLARED_SELECTOR = YES;
				GCC_WARN_UNINITIALIZED_AUTOS = YES_AGGRESSIVE;
				GCC_WARN_UNUSED_FUNCTION = YES;
				GCC_WARN_UNUSED_VARIABLE = YES;
				IPHONEOS_DEPLOYMENT_TARGET = 9.3;
				MTL_ENABLE_DEBUG_INFO = YES;
				ONLY_ACTIVE_ARCH = YES;
				SDKROOT = iphoneos;
				SWIFT_OPTIMIZATION_LEVEL = "-Onone";
				TARGETED_DEVICE_FAMILY = "1,2";
			};
			name = Debug;
		};
		3DB724541D6996F600BB055A /* Release */ = {
			isa = XCBuildConfiguration;
			buildSettings = {
				ALWAYS_SEARCH_USER_PATHS = NO;
				CLANG_ANALYZER_NONNULL = YES;
				CLANG_CXX_LANGUAGE_STANDARD = "gnu++0x";
				CLANG_CXX_LIBRARY = "libc++";
				CLANG_ENABLE_MODULES = YES;
				CLANG_ENABLE_OBJC_ARC = YES;
				CLANG_WARN_BOOL_CONVERSION = YES;
				CLANG_WARN_CONSTANT_CONVERSION = YES;
				CLANG_WARN_DIRECT_OBJC_ISA_USAGE = YES_ERROR;
				CLANG_WARN_EMPTY_BODY = YES;
				CLANG_WARN_ENUM_CONVERSION = YES;
				CLANG_WARN_INFINITE_RECURSION = YES;
				CLANG_WARN_INT_CONVERSION = YES;
				CLANG_WARN_OBJC_ROOT_CLASS = YES_ERROR;
				CLANG_WARN_SUSPICIOUS_MOVE = YES;
				CLANG_WARN_UNREACHABLE_CODE = YES;
				CLANG_WARN__DUPLICATE_METHOD_MATCH = YES;
				"CODE_SIGN_IDENTITY[sdk=iphoneos*]" = "iPhone Developer";
				COPY_PHASE_STRIP = NO;
				DEBUG_INFORMATION_FORMAT = "dwarf-with-dsym";
				ENABLE_NS_ASSERTIONS = NO;
				ENABLE_STRICT_OBJC_MSGSEND = YES;
				GCC_C_LANGUAGE_STANDARD = gnu99;
				GCC_NO_COMMON_BLOCKS = YES;
				GCC_WARN_64_TO_32_BIT_CONVERSION = YES;
				GCC_WARN_ABOUT_RETURN_TYPE = YES_ERROR;
				GCC_WARN_UNDECLARED_SELECTOR = YES;
				GCC_WARN_UNINITIALIZED_AUTOS = YES_AGGRESSIVE;
				GCC_WARN_UNUSED_FUNCTION = YES;
				GCC_WARN_UNUSED_VARIABLE = YES;
				IPHONEOS_DEPLOYMENT_TARGET = 9.3;
				MTL_ENABLE_DEBUG_INFO = NO;
				SDKROOT = iphoneos;
				SWIFT_OPTIMIZATION_LEVEL = "-Owholemodule";
				TARGETED_DEVICE_FAMILY = "1,2";
				VALIDATE_PRODUCT = YES;
			};
			name = Release;
		};
		3DB724561D6996F600BB055A /* Debug */ = {
			isa = XCBuildConfiguration;
			baseConfigurationReference = D5EB86AA4D2C517EDBC13957 /* Pods-PlanetaryMapsSwift.debug.xcconfig */;
			buildSettings = {
				ASSETCATALOG_COMPILER_APPICON_NAME = AppIcon;
				DEVELOPMENT_TEAM = 2F6XEAMHP2;
				INFOPLIST_FILE = PlanetaryMapsSwift/Info.plist;
				LD_RUNPATH_SEARCH_PATHS = "$(inherited) @executable_path/Frameworks";
				PRODUCT_BUNDLE_IDENTIFIER = com.unitedgalactic.PlanetaryMapsSwift;
				PRODUCT_NAME = "$(TARGET_NAME)";
				SWIFT_VERSION = 3.0;
			};
			name = Debug;
		};
		3DB724571D6996F600BB055A /* Release */ = {
			isa = XCBuildConfiguration;
			baseConfigurationReference = B5A01BD231FED1600F345261 /* Pods-PlanetaryMapsSwift.release.xcconfig */;
			buildSettings = {
				ASSETCATALOG_COMPILER_APPICON_NAME = AppIcon;
				DEVELOPMENT_TEAM = 2F6XEAMHP2;
				INFOPLIST_FILE = PlanetaryMapsSwift/Info.plist;
				LD_RUNPATH_SEARCH_PATHS = "$(inherited) @executable_path/Frameworks";
				PRODUCT_BUNDLE_IDENTIFIER = com.unitedgalactic.PlanetaryMapsSwift;
				PRODUCT_NAME = "$(TARGET_NAME)";
				SWIFT_VERSION = 3.0;
			};
			name = Release;
		};
/* End XCBuildConfiguration section */

/* Begin XCConfigurationList section */
		3DB7243E1D6996F600BB055A /* Build configuration list for PBXProject "PlanetaryMapsSwift" */ = {
			isa = XCConfigurationList;
			buildConfigurations = (
				3DB724531D6996F600BB055A /* Debug */,
				3DB724541D6996F600BB055A /* Release */,
			);
			defaultConfigurationIsVisible = 0;
			defaultConfigurationName = Release;
		};
		3DB724551D6996F600BB055A /* Build configuration list for PBXNativeTarget "PlanetaryMapsSwift" */ = {
			isa = XCConfigurationList;
			buildConfigurations = (
				3DB724561D6996F600BB055A /* Debug */,
				3DB724571D6996F600BB055A /* Release */,
			);
			defaultConfigurationIsVisible = 0;
			defaultConfigurationName = Release;
		};
/* End XCConfigurationList section */
	};
	rootObject = 3DB7243B1D6996F600BB055A /* Project object */;
}
