PODS:
  - PlanetaryMaps (1.0.0)
  - YYImage (1.0.2):
    - YYImage/Core (= 1.0.2)
  - YYImage/Core (1.0.2)
  - YYImage/WebP (1.0.2):
    - YYImage/Core

DEPENDENCIES:
  - PlanetaryMaps (from `../../`)
  - YYImage
  - YYImage/WebP

EXTERNAL SOURCES:
  PlanetaryMaps:
    :path: ../../

SPEC CHECKSUMS:
  PlanetaryMaps: b8f390a392b6576f80d167d319b99f79bfe5a399
  YYImage: 2cc79ed49b9549b71c6715cefe7b0f5ab3d33abf

PODFILE CHECKSUM: 9b6e163195c3e2f3fccf8a7e94bcfdc041446c19

COCOAPODS: 1.0.1
